// !$*UTF8*$!
{
	archiveVersion = 1;
	classes = {
	};
	objectVersion = 46;
	objects = {

/* Begin PBXBuildFile section */
		525F4BE71A4FA2B70075F7F6 /* main.cpp in Sources */ = {isa = PBXBuildFile; fileRef = 525F4BE61A4FA2B70075F7F6 /* main.cpp */; };
		525F4BEE1A4FA2C60075F7F6 /* OpenCL.framework in Frameworks */ = {isa = PBXBuildFile; fileRef = 525F4BED1A4FA2C60075F7F6 /* OpenCL.framework */; };
		525F4BF01A4FA2CD0075F7F6 /* OpenGL.framework in Frameworks */ = {isa = PBXBuildFile; fileRef = 525F4BEF1A4FA2CD0075F7F6 /* OpenGL.framework */; };
		525F4BF21A4FA2EA0075F7F6 /* GLUT.framework in Frameworks */ = {isa = PBXBuildFile; fileRef = 525F4BF11A4FA2EA0075F7F6 /* GLUT.framework */; };
		52F5A5691A576D7D007362AD /* kernels.cl in CopyFiles */ = {isa = PBXBuildFile; fileRef = 52F5A5671A576C2B007362AD /* kernels.cl */; };
/* End PBXBuildFile section */

/* Begin PBXCopyFilesBuildPhase section */
		525F4BE11A4FA2B70075F7F6 /* CopyFiles */ = {
			isa = PBXCopyFilesBuildPhase;
			buildActionMask = 12;
			dstPath = "";
			dstSubfolderSpec = 16;
			files = (
				52F5A5691A576D7D007362AD /* kernels.cl in CopyFiles */,
			);
			runOnlyForDeploymentPostprocessing = 0;
		};
/* End PBXCopyFilesBuildPhase section */

/* Begin PBXFileReference section */
		525F4BE31A4FA2B70075F7F6 /* OpenCLNBody */ = {isa = PBXFileReference; explicitFileType = "compiled.mach-o.executable"; includeInIndex = 0; path = OpenCLNBody; sourceTree = BUILT_PRODUCTS_DIR; };
		525F4BE61A4FA2B70075F7F6 /* main.cpp */ = {isa = PBXFileReference; lastKnownFileType = sourcecode.cpp.cpp; path = main.cpp; sourceTree = "<group>"; };
		525F4BED1A4FA2C60075F7F6 /* OpenCL.framework */ = {isa = PBXFileReference; lastKnownFileType = wrapper.framework; name = OpenCL.framework; path = System/Library/Frameworks/OpenCL.framework; sourceTree = SDKROOT; };
		525F4BEF1A4FA2CD0075F7F6 /* OpenGL.framework */ = {isa = PBXFileReference; lastKnownFileType = wrapper.framework; name = OpenGL.framework; path = System/Library/Frameworks/OpenGL.framework; sourceTree = SDKROOT; };
		525F4BF11A4FA2EA0075F7F6 /* GLUT.framework */ = {isa = PBXFileReference; lastKnownFileType = wrapper.framework; name = GLUT.framework; path = System/Library/Frameworks/GLUT.framework; sourceTree = SDKROOT; };
		52F5A5671A576C2B007362AD /* kernels.cl */ = {isa = PBXFileReference; fileEncoding = 4; lastKnownFileType = sourcecode.opencl; path = kernels.cl; sourceTree = "<group>"; };
/* End PBXFileReference section */

/* Begin PBXFrameworksBuildPhase section */
		525F4BE01A4FA2B70075F7F6 /* Frameworks */ = {
			isa = PBXFrameworksBuildPhase;
			buildActionMask = 2147483647;
			files = (
				525F4BF21A4FA2EA0075F7F6 /* GLUT.framework in Frameworks */,
				525F4BF01A4FA2CD0075F7F6 /* OpenGL.framework in Frameworks */,
				525F4BEE1A4FA2C60075F7F6 /* OpenCL.framework in Frameworks */,
			);
			runOnlyForDeploymentPostprocessing = 0;
		};
/* End PBXFrameworksBuildPhase section */

/* Begin PBXGroup section */
		525F4BDA1A4FA2B70075F7F6 = {
			isa = PBXGroup;
			children = (
				525F4BF11A4FA2EA0075F7F6 /* GLUT.framework */,
				525F4BEF1A4FA2CD0075F7F6 /* OpenGL.framework */,
				525F4BED1A4FA2C60075F7F6 /* OpenCL.framework */,
				525F4BE51A4FA2B70075F7F6 /* OpenCLNBody */,
				525F4BE41A4FA2B70075F7F6 /* Products */,
			);
			sourceTree = "<group>";
		};
		525F4BE41A4FA2B70075F7F6 /* Products */ = {
			isa = PBXGroup;
			children = (
				525F4BE31A4FA2B70075F7F6 /* OpenCLNBody */,
			);
			name = Products;
			sourceTree = "<group>";
		};
		525F4BE51A4FA2B70075F7F6 /* OpenCLNBody */ = {
			isa = PBXGroup;
			children = (
				525F4BE61A4FA2B70075F7F6 /* main.cpp */,
				52F5A5671A576C2B007362AD /* kernels.cl */,
			);
			path = OpenCLNBody;
			sourceTree = "<group>";
		};
/* End PBXGroup section */

/* Begin PBXNativeTarget section */
		525F4BE21A4FA2B70075F7F6 /* OpenCLNBody */ = {
			isa = PBXNativeTarget;
			buildConfigurationList = 525F4BEA1A4FA2B70075F7F6 /* Build configuration list for PBXNativeTarget "OpenCLNBody" */;
			buildPhases = (
				525F4BDF1A4FA2B70075F7F6 /* Sources */,
				525F4BE01A4FA2B70075F7F6 /* Frameworks */,
				525F4BE11A4FA2B70075F7F6 /* CopyFiles */,
			);
			buildRules = (
			);
			dependencies = (
			);
			name = OpenCLNBody;
			productName = OpenCLNBody;
			productReference = 525F4BE31A4FA2B70075F7F6 /* OpenCLNBody */;
			productType = "com.apple.product-type.tool";
		};
/* End PBXNativeTarget section */

/* Begin PBXProject section */
		525F4BDB1A4FA2B70075F7F6 /* Project object */ = {
			isa = PBXProject;
			attributes = {
				LastUpgradeCheck = 0610;
				ORGANIZATIONNAME = "Muhammad Abbady";
				TargetAttributes = {
					525F4BE21A4FA2B70075F7F6 = {
						CreatedOnToolsVersion = 6.1.1;
					};
				};
			};
			buildConfigurationList = 525F4BDE1A4FA2B70075F7F6 /* Build configuration list for PBXProject "OpenCLNBody" */;
			compatibilityVersion = "Xcode 3.2";
			developmentRegion = English;
			hasScannedForEncodings = 0;
			knownRegions = (
				en,
			);
			mainGroup = 525F4BDA1A4FA2B70075F7F6;
			productRefGroup = 525F4BE41A4FA2B70075F7F6 /* Products */;
			projectDirPath = "";
			projectRoot = "";
			targets = (
				525F4BE21A4FA2B70075F7F6 /* OpenCLNBody */,
			);
		};
/* End PBXProject section */

/* Begin PBXSourcesBuildPhase section */
		525F4BDF1A4FA2B70075F7F6 /* Sources */ = {
			isa = PBXSourcesBuildPhase;
			buildActionMask = 2147483647;
			files = (
				525F4BE71A4FA2B70075F7F6 /* main.cpp in Sources */,
			);
			runOnlyForDeploymentPostprocessing = 0;
		};
/* End PBXSourcesBuildPhase section */

/* Begin XCBuildConfiguration section */
		525F4BE81A4FA2B70075F7F6 /* Debug */ = {
			isa = XCBuildConfiguration;
			buildSettings = {
				ALWAYS_SEARCH_USER_PATHS = NO;
				CLANG_CXX_LANGUAGE_STANDARD = "gnu++0x";
				CLANG_CXX_LIBRARY = "libc++";
				CLANG_ENABLE_MODULES = YES;
				CLANG_ENABLE_OBJC_ARC = YES;
				CLANG_WARN_BOOL_CONVERSION = YES;
				CLANG_WARN_CONSTANT_CONVERSION = YES;
				CLANG_WARN_DIRECT_OBJC_ISA_USAGE = YES_ERROR;
				CLANG_WARN_EMPTY_BODY = YES;
				CLANG_WARN_ENUM_CONVERSION = YES;
				CLANG_WARN_INT_CONVERSION = YES;
				CLANG_WARN_OBJC_ROOT_CLASS = YES_ERROR;
				CLANG_WARN_UNREACHABLE_CODE = YES;
				CLANG_WARN__DUPLICATE_METHOD_MATCH = YES;
				COPY_PHASE_STRIP = NO;
				ENABLE_STRICT_OBJC_MSGSEND = YES;
				GCC_C_LANGUAGE_STANDARD = gnu99;
				GCC_DYNAMIC_NO_PIC = NO;
				GCC_OPTIMIZATION_LEVEL = 0;
				GCC_PREPROCESSOR_DEFINITIONS = (
					"DEBUG=1",
					"$(inherited)",
				);
				GCC_SYMBOLS_PRIVATE_EXTERN = NO;
				GCC_WARN_64_TO_32_BIT_CONVERSION = YES;
				GCC_WARN_ABOUT_RETURN_TYPE = YES_ERROR;
				GCC_WARN_UNDECLARED_SELECTOR = YES;
				GCC_WARN_UNINITIALIZED_AUTOS = YES_AGGRESSIVE;
				GCC_WARN_UNUSED_FUNCTION = YES;
				GCC_WARN_UNUSED_VARIABLE = YES;
				MACOSX_DEPLOYMENT_TARGET = 10.10;
				MTL_ENABLE_DEBUG_INFO = YES;
				ONLY_ACTIVE_ARCH = YES;
				SDKROOT = macosx;
			};
			name = Debug;
		};
		525F4BE91A4FA2B70075F7F6 /* Release */ = {
			isa = XCBuildConfiguration;
			buildSettings = {
				ALWAYS_SEARCH_USER_PATHS = NO;
				CLANG_CXX_LANGUAGE_STANDARD = "gnu++0x";
				CLANG_CXX_LIBRARY = "libc++";
				CLANG_ENABLE_MODULES = YES;
				CLANG_ENABLE_OBJC_ARC = YES;
				CLANG_WARN_BOOL_CONVERSION = YES;
				CLANG_WARN_CONSTANT_CONVERSION = YES;
				CLANG_WARN_DIRECT_OBJC_ISA_USAGE = YES_ERROR;
				CLANG_WARN_EMPTY_BODY = YES;
				CLANG_WARN_ENUM_CONVERSION = YES;
				CLANG_WARN_INT_CONVERSION = YES;
				CLANG_WARN_OBJC_ROOT_CLASS = YES_ERROR;
				CLANG_WARN_UNREACHABLE_CODE = YES;
				CLANG_WARN__DUPLICATE_METHOD_MATCH = YES;
				COPY_PHASE_STRIP = YES;
				DEBUG_INFORMATION_FORMAT = "dwarf-with-dsym";
				ENABLE_NS_ASSERTIONS = NO;
				ENABLE_STRICT_OBJC_MSGSEND = YES;
				GCC_C_LANGUAGE_STANDARD = gnu99;
				GCC_WARN_64_TO_32_BIT_CONVERSION = YES;
				GCC_WARN_ABOUT_RETURN_TYPE = YES_ERROR;
				GCC_WARN_UNDECLARED_SELECTOR = YES;
				GCC_WARN_UNINITIALIZED_AUTOS = YES_AGGRESSIVE;
				GCC_WARN_UNUSED_FUNCTION = YES;
				GCC_WARN_UNUSED_VARIABLE = YES;
				MACOSX_DEPLOYMENT_TARGET = 10.10;
				MTL_ENABLE_DEBUG_INFO = NO;
				SDKROOT = macosx;
			};
			name = Release;
		};
		525F4BEB1A4FA2B70075F7F6 /* Debug */ = {
			isa = XCBuildConfiguration;
			buildSettings = {
				PRODUCT_NAME = "$(TARGET_NAME)";
			};
			name = Debug;
		};
		525F4BEC1A4FA2B70075F7F6 /* Release */ = {
			isa = XCBuildConfiguration;
			buildSettings = {
				PRODUCT_NAME = "$(TARGET_NAME)";
			};
			name = Release;
		};
/* End XCBuildConfiguration section */

/* Begin XCConfigurationList section */
		525F4BDE1A4FA2B70075F7F6 /* Build configuration list for PBXProject "OpenCLNBody" */ = {
			isa = XCConfigurationList;
			buildConfigurations = (
				525F4BE81A4FA2B70075F7F6 /* Debug */,
				525F4BE91A4FA2B70075F7F6 /* Release */,
			);
			defaultConfigurationIsVisible = 0;
			defaultConfigurationName = Release;
		};
		525F4BEA1A4FA2B70075F7F6 /* Build configuration list for PBXNativeTarget "OpenCLNBody" */ = {
			isa = XCConfigurationList;
			buildConfigurations = (
				525F4BEB1A4FA2B70075F7F6 /* Debug */,
				525F4BEC1A4FA2B70075F7F6 /* Release */,
			);
			defaultConfigurationIsVisible = 0;
			defaultConfigurationName = Release;
		};
/* End XCConfigurationList section */
	};
	rootObject = 525F4BDB1A4FA2B70075F7F6 /* Project object */;
}
